
Microsoft Visual Studio Solution File, Format Version 12.00
# Visual Studio 14
VisualStudioVersion = 14.0.25420.1
MinimumVisualStudioVersion = 10.0.40219.1
Project("{FAE04EC0-301F-11D3-BF4B-00C04F79EFBC}") = "01-Diccionarios", "01-Diccionarios\01-Diccionarios.csproj", "{A45DA68E-90CA-4F18-8858-7C5F3821DB68}"
EndProject
Project("{FAE04EC0-301F-11D3-BF4B-00C04F79EFBC}") = "02-Listas", "02-Listas\02-Listas.csproj", "{26FA232A-15B1-441D-8666-F410867AB0FC}"
EndProject
Project("{FAE04EC0-301F-11D3-BF4B-00C04F79EFBC}") = "03-ContadorDePalabras", "03-ContadorDePalabras\03-ContadorDePalabras.csproj", "{9FDB258C-A855-40C2-9288-79D2714E9577}"
EndProject
Project("{FAE04EC0-301F-11D3-BF4B-00C04F79EFBC}") = "04-Netflix", "04-Netflix\04-Netflix.csproj", "{9C0E803D-D219-4EAE-AEA7-D62D67009767}"
EndProject
Project("{FAE04EC0-301F-11D3-BF4B-00C04F79EFBC}") = "05-MultiplicarMatrices", "05-MultiplicarMatrices\05-MultiplicarMatrices.csproj", "{F71A6E2C-B0FA-4308-8D49-AE74D8074446}"
EndProject
Global
	GlobalSection(SolutionConfigurationPlatforms) = preSolution
		Debug|Any CPU = Debug|Any CPU
		Release|Any CPU = Release|Any CPU
	EndGlobalSection
	GlobalSection(ProjectConfigurationPlatforms) = postSolution
		{A45DA68E-90CA-4F18-8858-7C5F3821DB68}.Debug|Any CPU.ActiveCfg = Debug|Any CPU
		{A45DA68E-90CA-4F18-8858-7C5F3821DB68}.Debug|Any CPU.Build.0 = Debug|Any CPU
		{A45DA68E-90CA-4F18-8858-7C5F3821DB68}.Release|Any CPU.ActiveCfg = Release|Any CPU
		{A45DA68E-90CA-4F18-8858-7C5F3821DB68}.Release|Any CPU.Build.0 = Release|Any CPU
		{26FA232A-15B1-441D-8666-F410867AB0FC}.Debug|Any CPU.ActiveCfg = Debug|Any CPU
		{26FA232A-15B1-441D-8666-F410867AB0FC}.Debug|Any CPU.Build.0 = Debug|Any CPU
		{26FA232A-15B1-441D-8666-F410867AB0FC}.Release|Any CPU.ActiveCfg = Release|Any CPU
		{26FA232A-15B1-441D-8666-F410867AB0FC}.Release|Any CPU.Build.0 = Release|Any CPU
		{9FDB258C-A855-40C2-9288-79D2714E9577}.Debug|Any CPU.ActiveCfg = Debug|Any CPU
		{9FDB258C-A855-40C2-9288-79D2714E9577}.Debug|Any CPU.Build.0 = Debug|Any CPU
		{9FDB258C-A855-40C2-9288-79D2714E9577}.Release|Any CPU.ActiveCfg = Release|Any CPU
		{9FDB258C-A855-40C2-9288-79D2714E9577}.Release|Any CPU.Build.0 = Release|Any CPU
		{9C0E803D-D219-4EAE-AEA7-D62D67009767}.Debug|Any CPU.ActiveCfg = Debug|Any CPU
		{9C0E803D-D219-4EAE-AEA7-D62D67009767}.Debug|Any CPU.Build.0 = Debug|Any CPU
		{9C0E803D-D219-4EAE-AEA7-D62D67009767}.Release|Any CPU.ActiveCfg = Release|Any CPU
		{9C0E803D-D219-4EAE-AEA7-D62D67009767}.Release|Any CPU.Build.0 = Release|Any CPU
		{F71A6E2C-B0FA-4308-8D49-AE74D8074446}.Debug|Any CPU.ActiveCfg = Debug|Any CPU
		{F71A6E2C-B0FA-4308-8D49-AE74D8074446}.Debug|Any CPU.Build.0 = Debug|Any CPU
		{F71A6E2C-B0FA-4308-8D49-AE74D8074446}.Release|Any CPU.ActiveCfg = Release|Any CPU
		{F71A6E2C-B0FA-4308-8D49-AE74D8074446}.Release|Any CPU.Build.0 = Release|Any CPU
	EndGlobalSection
	GlobalSection(SolutionProperties) = preSolution
		HideSolutionNode = FALSE
	EndGlobalSection
EndGlobal
